
Microsoft Visual Studio Solution File, Format Version 12.00
# Visual Studio 15
Project("{FAE04EC0-301F-11D3-BF4B-00C04F79EFBC}") = "dojoaspnetcoremvc", "dojoaspnetcoremvc\dojoaspnetcoremvc.csproj", "{72CAD904-3081-4D7C-9190-DCA9E0E4FCF1}"
EndProject
Global
	GlobalSection(SolutionConfigurationPlatforms) = preSolution
		Debug|Any CPU = Debug|Any CPU
		Release|Any CPU = Release|Any CPU
	EndGlobalSection
	GlobalSection(ProjectConfigurationPlatforms) = postSolution
		{72CAD904-3081-4D7C-9190-DCA9E0E4FCF1}.Debug|Any CPU.ActiveCfg = Debug|Any CPU
		{72CAD904-3081-4D7C-9190-DCA9E0E4FCF1}.Debug|Any CPU.Build.0 = Debug|Any CPU
		{72CAD904-3081-4D7C-9190-DCA9E0E4FCF1}.Release|Any CPU.ActiveCfg = Release|Any CPU
		{72CAD904-3081-4D7C-9190-DCA9E0E4FCF1}.Release|Any CPU.Build.0 = Release|Any CPU
	EndGlobalSection
EndGlobal
